
Microsoft Visual Studio Solution File, Format Version 12.00
Project("{FAE04EC0-301F-11D3-BF4B-00C04F79EFBC}") = "ExternalSort.Generator", "ExternalSort.Generator\ExternalSort.Generator.csproj", "{97733FFE-121B-4F5E-8FFA-9A704A0398DD}"
EndProject
Project("{FAE04EC0-301F-11D3-BF4B-00C04F79EFBC}") = "ExternalSort.Sorter", "ExternalSort.Sorter\ExternalSort.Sorter.csproj", "{0AA7228B-EA3A-4B9B-8266-217F2188773B}"
EndProject
Project("{FAE04EC0-301F-11D3-BF4B-00C04F79EFBC}") = "ExternalSort.LinuxSorter", "ExternalSort.LinuxSorter\ExternalSort.LinuxSorter.csproj", "{F5A91402-478F-46F7-91DA-7AE037775E5B}"
EndProject
Project("{FAE04EC0-301F-11D3-BF4B-00C04F79EFBC}") = "ExternalSort.Contracts", "ExternalSort.Contracts\ExternalSort.Contracts.csproj", "{F6547C70-E2CE-4FF4-B583-5AFA8D8DCAEE}"
EndProject
Project("{FAE04EC0-301F-11D3-BF4B-00C04F79EFBC}") = "ExternalSort.Shared", "ExternalSort.Shared\ExternalSort.Shared.csproj", "{D8F07D9F-8E74-406C-8EDC-FD86F5FF80C2}"
EndProject
Project("{FAE04EC0-301F-11D3-BF4B-00C04F79EFBC}") = "ExternalSort.CustomSorter", "ExternalSort.CustomSorter\ExternalSort.CustomSorter.csproj", "{7800E839-CAB6-4476-9FBD-EA15C5F90C9C}"
EndProject
Global
	GlobalSection(SolutionConfigurationPlatforms) = preSolution
		Debug|Any CPU = Debug|Any CPU
		Release|Any CPU = Release|Any CPU
	EndGlobalSection
	GlobalSection(ProjectConfigurationPlatforms) = postSolution
		{97733FFE-121B-4F5E-8FFA-9A704A0398DD}.Debug|Any CPU.ActiveCfg = Debug|Any CPU
		{97733FFE-121B-4F5E-8FFA-9A704A0398DD}.Debug|Any CPU.Build.0 = Debug|Any CPU
		{97733FFE-121B-4F5E-8FFA-9A704A0398DD}.Release|Any CPU.ActiveCfg = Release|Any CPU
		{97733FFE-121B-4F5E-8FFA-9A704A0398DD}.Release|Any CPU.Build.0 = Release|Any CPU
		{0AA7228B-EA3A-4B9B-8266-217F2188773B}.Debug|Any CPU.ActiveCfg = Debug|Any CPU
		{0AA7228B-EA3A-4B9B-8266-217F2188773B}.Debug|Any CPU.Build.0 = Debug|Any CPU
		{0AA7228B-EA3A-4B9B-8266-217F2188773B}.Release|Any CPU.ActiveCfg = Release|Any CPU
		{0AA7228B-EA3A-4B9B-8266-217F2188773B}.Release|Any CPU.Build.0 = Release|Any CPU
		{F5A91402-478F-46F7-91DA-7AE037775E5B}.Debug|Any CPU.ActiveCfg = Debug|Any CPU
		{F5A91402-478F-46F7-91DA-7AE037775E5B}.Debug|Any CPU.Build.0 = Debug|Any CPU
		{F5A91402-478F-46F7-91DA-7AE037775E5B}.Release|Any CPU.ActiveCfg = Release|Any CPU
		{F5A91402-478F-46F7-91DA-7AE037775E5B}.Release|Any CPU.Build.0 = Release|Any CPU
		{F6547C70-E2CE-4FF4-B583-5AFA8D8DCAEE}.Debug|Any CPU.ActiveCfg = Debug|Any CPU
		{F6547C70-E2CE-4FF4-B583-5AFA8D8DCAEE}.Debug|Any CPU.Build.0 = Debug|Any CPU
		{F6547C70-E2CE-4FF4-B583-5AFA8D8DCAEE}.Release|Any CPU.ActiveCfg = Release|Any CPU
		{F6547C70-E2CE-4FF4-B583-5AFA8D8DCAEE}.Release|Any CPU.Build.0 = Release|Any CPU
		{D8F07D9F-8E74-406C-8EDC-FD86F5FF80C2}.Debug|Any CPU.ActiveCfg = Debug|Any CPU
		{D8F07D9F-8E74-406C-8EDC-FD86F5FF80C2}.Debug|Any CPU.Build.0 = Debug|Any CPU
		{D8F07D9F-8E74-406C-8EDC-FD86F5FF80C2}.Release|Any CPU.ActiveCfg = Release|Any CPU
		{D8F07D9F-8E74-406C-8EDC-FD86F5FF80C2}.Release|Any CPU.Build.0 = Release|Any CPU
		{7800E839-CAB6-4476-9FBD-EA15C5F90C9C}.Debug|Any CPU.ActiveCfg = Debug|Any CPU
		{7800E839-CAB6-4476-9FBD-EA15C5F90C9C}.Debug|Any CPU.Build.0 = Debug|Any CPU
		{7800E839-CAB6-4476-9FBD-EA15C5F90C9C}.Release|Any CPU.ActiveCfg = Release|Any CPU
		{7800E839-CAB6-4476-9FBD-EA15C5F90C9C}.Release|Any CPU.Build.0 = Release|Any CPU
	EndGlobalSection
EndGlobal
